// !$*UTF8*$!
{
	archiveVersion = 1;
	classes = {
	};
	objectVersion = 56;
	objects = {

/* Begin PBXBuildFile section */
		491AD2882BD6EF0800B0890E /* AppDelegate.swift in Sources */ = {isa = PBXBuildFile; fileRef = 491AD2872BD6EF0800B0890E /* AppDelegate.swift */; };
		491AD28A2BD6EF0800B0890E /* SceneDelegate.swift in Sources */ = {isa = PBXBuildFile; fileRef = 491AD2892BD6EF0800B0890E /* SceneDelegate.swift */; };
		491AD28C2BD6EF0800B0890E /* ViewController.swift in Sources */ = {isa = PBXBuildFile; fileRef = 491AD28B2BD6EF0800B0890E /* ViewController.swift */; };
		491AD2912BD6EF0900B0890E /* Assets.xcassets in Resources */ = {isa = PBXBuildFile; fileRef = 491AD2902BD6EF0900B0890E /* Assets.xcassets */; };
		491AD2942BD6EF0900B0890E /* LaunchScreen.storyboard in Resources */ = {isa = PBXBuildFile; fileRef = 491AD2922BD6EF0900B0890E /* LaunchScreen.storyboard */; };
		491AD29F2BD6EF0900B0890E /* Arduino_RemoteTests.swift in Sources */ = {isa = PBXBuildFile; fileRef = 491AD29E2BD6EF0900B0890E /* Arduino_RemoteTests.swift */; };
		491AD2A92BD6EF0900B0890E /* Arduino_RemoteUITests.swift in Sources */ = {isa = PBXBuildFile; fileRef = 491AD2A82BD6EF0900B0890E /* Arduino_RemoteUITests.swift */; };
		491AD2AB2BD6EF0900B0890E /* Arduino_RemoteUITestsLaunchTests.swift in Sources */ = {isa = PBXBuildFile; fileRef = 491AD2AA2BD6EF0900B0890E /* Arduino_RemoteUITestsLaunchTests.swift */; };
		96D09165C1FD47E56DD43B51 /* libPods-Arduino RemoteTests.a in Frameworks */ = {isa = PBXBuildFile; fileRef = B5EF08116B43007CED008D1E /* libPods-Arduino RemoteTests.a */; };
		A137405446F88236B72B0D12 /* libPods-Arduino Remote-Arduino RemoteUITests.a in Frameworks */ = {isa = PBXBuildFile; fileRef = 12DC440AA9F1D40A0C58FE09 /* libPods-Arduino Remote-Arduino RemoteUITests.a */; };
		FAE6DF0A53C9DE3B3824BFE3 /* libPods-Arduino Remote.a in Frameworks */ = {isa = PBXBuildFile; fileRef = 18B20F9A44DC99353F975B9C /* libPods-Arduino Remote.a */; };
/* End PBXBuildFile section */

/* Begin PBXContainerItemProxy section */
		491AD29B2BD6EF0900B0890E /* PBXContainerItemProxy */ = {
			isa = PBXContainerItemProxy;
			containerPortal = 491AD27C2BD6EF0800B0890E /* Project object */;
			proxyType = 1;
			remoteGlobalIDString = 491AD2832BD6EF0800B0890E;
			remoteInfo = "Arduino Remote";
		};
		491AD2A52BD6EF0900B0890E /* PBXContainerItemProxy */ = {
			isa = PBXContainerItemProxy;
			containerPortal = 491AD27C2BD6EF0800B0890E /* Project object */;
			proxyType = 1;
			remoteGlobalIDString = 491AD2832BD6EF0800B0890E;
			remoteInfo = "Arduino Remote";
		};
/* End PBXContainerItemProxy section */

/* Begin PBXFileReference section */
		0EFDE57497376E3467390B17 /* Pods-Arduino RemoteTests.release.xcconfig */ = {isa = PBXFileReference; includeInIndex = 1; lastKnownFileType = text.xcconfig; name = "Pods-Arduino RemoteTests.release.xcconfig"; path = "Target Support Files/Pods-Arduino RemoteTests/Pods-Arduino RemoteTests.release.xcconfig"; sourceTree = "<group>"; };
		12DC440AA9F1D40A0C58FE09 /* libPods-Arduino Remote-Arduino RemoteUITests.a */ = {isa = PBXFileReference; explicitFileType = archive.ar; includeInIndex = 0; path = "libPods-Arduino Remote-Arduino RemoteUITests.a"; sourceTree = BUILT_PRODUCTS_DIR; };
		18B20F9A44DC99353F975B9C /* libPods-Arduino Remote.a */ = {isa = PBXFileReference; explicitFileType = archive.ar; includeInIndex = 0; path = "libPods-Arduino Remote.a"; sourceTree = BUILT_PRODUCTS_DIR; };
		491AD2842BD6EF0800B0890E /* Arduino Remote.app */ = {isa = PBXFileReference; explicitFileType = wrapper.application; includeInIndex = 0; path = "Arduino Remote.app"; sourceTree = BUILT_PRODUCTS_DIR; };
		491AD2872BD6EF0800B0890E /* AppDelegate.swift */ = {isa = PBXFileReference; lastKnownFileType = sourcecode.swift; path = AppDelegate.swift; sourceTree = "<group>"; };
		491AD2892BD6EF0800B0890E /* SceneDelegate.swift */ = {isa = PBXFileReference; lastKnownFileType = sourcecode.swift; path = SceneDelegate.swift; sourceTree = "<group>"; };
		491AD28B2BD6EF0800B0890E /* ViewController.swift */ = {isa = PBXFileReference; lastKnownFileType = sourcecode.swift; path = ViewController.swift; sourceTree = "<group>"; };
		491AD2902BD6EF0900B0890E /* Assets.xcassets */ = {isa = PBXFileReference; lastKnownFileType = folder.assetcatalog; path = Assets.xcassets; sourceTree = "<group>"; };
		491AD2932BD6EF0900B0890E /* Base */ = {isa = PBXFileReference; lastKnownFileType = file.storyboard; name = Base; path = Base.lproj/LaunchScreen.storyboard; sourceTree = "<group>"; };
		491AD2952BD6EF0900B0890E /* Info.plist */ = {isa = PBXFileReference; lastKnownFileType = text.plist.xml; path = Info.plist; sourceTree = "<group>"; };
		491AD29A2BD6EF0900B0890E /* Arduino RemoteTests.xctest */ = {isa = PBXFileReference; explicitFileType = wrapper.cfbundle; includeInIndex = 0; path = "Arduino RemoteTests.xctest"; sourceTree = BUILT_PRODUCTS_DIR; };
		491AD29E2BD6EF0900B0890E /* Arduino_RemoteTests.swift */ = {isa = PBXFileReference; lastKnownFileType = sourcecode.swift; path = Arduino_RemoteTests.swift; sourceTree = "<group>"; };
		491AD2A42BD6EF0900B0890E /* Arduino RemoteUITests.xctest */ = {isa = PBXFileReference; explicitFileType = wrapper.cfbundle; includeInIndex = 0; path = "Arduino RemoteUITests.xctest"; sourceTree = BUILT_PRODUCTS_DIR; };
		491AD2A82BD6EF0900B0890E /* Arduino_RemoteUITests.swift */ = {isa = PBXFileReference; lastKnownFileType = sourcecode.swift; path = Arduino_RemoteUITests.swift; sourceTree = "<group>"; };
		491AD2AA2BD6EF0900B0890E /* Arduino_RemoteUITestsLaunchTests.swift */ = {isa = PBXFileReference; lastKnownFileType = sourcecode.swift; path = Arduino_RemoteUITestsLaunchTests.swift; sourceTree = "<group>"; };
		63ACE826165F6744BE8E533F /* Pods-Arduino Remote.debug.xcconfig */ = {isa = PBXFileReference; includeInIndex = 1; lastKnownFileType = text.xcconfig; name = "Pods-Arduino Remote.debug.xcconfig"; path = "Target Support Files/Pods-Arduino Remote/Pods-Arduino Remote.debug.xcconfig"; sourceTree = "<group>"; };
		7BF6539A5203BB4B63ED03F5 /* Pods-Arduino Remote-Arduino RemoteUITests.debug.xcconfig */ = {isa = PBXFileReference; includeInIndex = 1; lastKnownFileType = text.xcconfig; name = "Pods-Arduino Remote-Arduino RemoteUITests.debug.xcconfig"; path = "Target Support Files/Pods-Arduino Remote-Arduino RemoteUITests/Pods-Arduino Remote-Arduino RemoteUITests.debug.xcconfig"; sourceTree = "<group>"; };
		7F61E85275789546A0FFA4E2 /* Pods-Arduino Remote-Arduino RemoteTests.release.xcconfig */ = {isa = PBXFileReference; includeInIndex = 1; lastKnownFileType = text.xcconfig; name = "Pods-Arduino Remote-Arduino RemoteTests.release.xcconfig"; path = "Target Support Files/Pods-Arduino Remote-Arduino RemoteTests/Pods-Arduino Remote-Arduino RemoteTests.release.xcconfig"; sourceTree = "<group>"; };
		80BB1ECF7A34318BD44A8E9C /* Pods-Arduino RemoteTests.debug.xcconfig */ = {isa = PBXFileReference; includeInIndex = 1; lastKnownFileType = text.xcconfig; name = "Pods-Arduino RemoteTests.debug.xcconfig"; path = "Target Support Files/Pods-Arduino RemoteTests/Pods-Arduino RemoteTests.debug.xcconfig"; sourceTree = "<group>"; };
		9A7488CD9C141B79C99E8749 /* Pods-Arduino Remote-Arduino RemoteUITests.release.xcconfig */ = {isa = PBXFileReference; includeInIndex = 1; lastKnownFileType = text.xcconfig; name = "Pods-Arduino Remote-Arduino RemoteUITests.release.xcconfig"; path = "Target Support Files/Pods-Arduino Remote-Arduino RemoteUITests/Pods-Arduino Remote-Arduino RemoteUITests.release.xcconfig"; sourceTree = "<group>"; };
		ADFB5189CAB10636DAB0BC50 /* Pods-Arduino Remote.release.xcconfig */ = {isa = PBXFileReference; includeInIndex = 1; lastKnownFileType = text.xcconfig; name = "Pods-Arduino Remote.release.xcconfig"; path = "Target Support Files/Pods-Arduino Remote/Pods-Arduino Remote.release.xcconfig"; sourceTree = "<group>"; };
		B5EF08116B43007CED008D1E /* libPods-Arduino RemoteTests.a */ = {isa = PBXFileReference; explicitFileType = archive.ar; includeInIndex = 0; path = "libPods-Arduino RemoteTests.a"; sourceTree = BUILT_PRODUCTS_DIR; };
		F468F1B70A224FD3C7847AFA /* Pods-Arduino Remote-Arduino RemoteTests.debug.xcconfig */ = {isa = PBXFileReference; includeInIndex = 1; lastKnownFileType = text.xcconfig; name = "Pods-Arduino Remote-Arduino RemoteTests.debug.xcconfig"; path = "Target Support Files/Pods-Arduino Remote-Arduino RemoteTests/Pods-Arduino Remote-Arduino RemoteTests.debug.xcconfig"; sourceTree = "<group>"; };
/* End PBXFileReference section */

/* Begin PBXFrameworksBuildPhase section */
		491AD2812BD6EF0800B0890E /* Frameworks */ = {
			isa = PBXFrameworksBuildPhase;
			buildActionMask = 2147483647;
			files = (
				FAE6DF0A53C9DE3B3824BFE3 /* libPods-Arduino Remote.a in Frameworks */,
			);
			runOnlyForDeploymentPostprocessing = 0;
		};
		491AD2972BD6EF0900B0890E /* Frameworks */ = {
			isa = PBXFrameworksBuildPhase;
			buildActionMask = 2147483647;
			files = (
				96D09165C1FD47E56DD43B51 /* libPods-Arduino RemoteTests.a in Frameworks */,
			);
			runOnlyForDeploymentPostprocessing = 0;
		};
		491AD2A12BD6EF0900B0890E /* Frameworks */ = {
			isa = PBXFrameworksBuildPhase;
			buildActionMask = 2147483647;
			files = (
				A137405446F88236B72B0D12 /* libPods-Arduino Remote-Arduino RemoteUITests.a in Frameworks */,
			);
			runOnlyForDeploymentPostprocessing = 0;
		};
/* End PBXFrameworksBuildPhase section */

/* Begin PBXGroup section */
		491AD27B2BD6EF0800B0890E = {
			isa = PBXGroup;
			children = (
				491AD2862BD6EF0800B0890E /* Arduino Remote */,
				491AD29D2BD6EF0900B0890E /* Arduino RemoteTests */,
				491AD2A72BD6EF0900B0890E /* Arduino RemoteUITests */,
				491AD2852BD6EF0800B0890E /* Products */,
				940F8665D516D8DFE4D989DC /* Pods */,
				FEE4F27B67173BCCF6223DD0 /* Frameworks */,
			);
			sourceTree = "<group>";
		};
		491AD2852BD6EF0800B0890E /* Products */ = {
			isa = PBXGroup;
			children = (
				491AD2842BD6EF0800B0890E /* Arduino Remote.app */,
				491AD29A2BD6EF0900B0890E /* Arduino RemoteTests.xctest */,
				491AD2A42BD6EF0900B0890E /* Arduino RemoteUITests.xctest */,
			);
			name = Products;
			sourceTree = "<group>";
		};
		491AD2862BD6EF0800B0890E /* Arduino Remote */ = {
			isa = PBXGroup;
			children = (
				491AD2872BD6EF0800B0890E /* AppDelegate.swift */,
				491AD2892BD6EF0800B0890E /* SceneDelegate.swift */,
				491AD28B2BD6EF0800B0890E /* ViewController.swift */,
				491AD2922BD6EF0900B0890E /* LaunchScreen.storyboard */,
				491AD2902BD6EF0900B0890E /* Assets.xcassets */,
				491AD2952BD6EF0900B0890E /* Info.plist */,
			);
			path = "Arduino Remote";
			sourceTree = "<group>";
		};
		491AD29D2BD6EF0900B0890E /* Arduino RemoteTests */ = {
			isa = PBXGroup;
			children = (
				491AD29E2BD6EF0900B0890E /* Arduino_RemoteTests.swift */,
			);
			path = "Arduino RemoteTests";
			sourceTree = "<group>";
		};
		491AD2A72BD6EF0900B0890E /* Arduino RemoteUITests */ = {
			isa = PBXGroup;
			children = (
				491AD2A82BD6EF0900B0890E /* Arduino_RemoteUITests.swift */,
				491AD2AA2BD6EF0900B0890E /* Arduino_RemoteUITestsLaunchTests.swift */,
			);
			path = "Arduino RemoteUITests";
			sourceTree = "<group>";
		};
		940F8665D516D8DFE4D989DC /* Pods */ = {
			isa = PBXGroup;
			children = (
				63ACE826165F6744BE8E533F /* Pods-Arduino Remote.debug.xcconfig */,
				ADFB5189CAB10636DAB0BC50 /* Pods-Arduino Remote.release.xcconfig */,
				7BF6539A5203BB4B63ED03F5 /* Pods-Arduino Remote-Arduino RemoteUITests.debug.xcconfig */,
				9A7488CD9C141B79C99E8749 /* Pods-Arduino Remote-Arduino RemoteUITests.release.xcconfig */,
				80BB1ECF7A34318BD44A8E9C /* Pods-Arduino RemoteTests.debug.xcconfig */,
				0EFDE57497376E3467390B17 /* Pods-Arduino RemoteTests.release.xcconfig */,
				F468F1B70A224FD3C7847AFA /* Pods-Arduino Remote-Arduino RemoteTests.debug.xcconfig */,
				7F61E85275789546A0FFA4E2 /* Pods-Arduino Remote-Arduino RemoteTests.release.xcconfig */,
			);
			path = Pods;
			sourceTree = "<group>";
		};
		FEE4F27B67173BCCF6223DD0 /* Frameworks */ = {
			isa = PBXGroup;
			children = (
				18B20F9A44DC99353F975B9C /* libPods-Arduino Remote.a */,
				12DC440AA9F1D40A0C58FE09 /* libPods-Arduino Remote-Arduino RemoteUITests.a */,
				B5EF08116B43007CED008D1E /* libPods-Arduino RemoteTests.a */,
			);
			name = Frameworks;
			sourceTree = "<group>";
		};
/* End PBXGroup section */

/* Begin PBXNativeTarget section */
		491AD2832BD6EF0800B0890E /* Arduino Remote */ = {
			isa = PBXNativeTarget;
			buildConfigurationList = 491AD2AE2BD6EF0900B0890E /* Build configuration list for PBXNativeTarget "Arduino Remote" */;
			buildPhases = (
				4B756A3759C1D84D84A3A85D /* [CP] Check Pods Manifest.lock */,
				491AD2802BD6EF0800B0890E /* Sources */,
				491AD2812BD6EF0800B0890E /* Frameworks */,
				491AD2822BD6EF0800B0890E /* Resources */,
				49B9E6F31F1CDA14404AD613 /* [CP] Copy Pods Resources */,
			);
			buildRules = (
			);
			dependencies = (
			);
			name = "Arduino Remote";
			productName = "Arduino Remote";
			productReference = 491AD2842BD6EF0800B0890E /* Arduino Remote.app */;
			productType = "com.apple.product-type.application";
		};
		491AD2992BD6EF0900B0890E /* Arduino RemoteTests */ = {
			isa = PBXNativeTarget;
			buildConfigurationList = 491AD2B12BD6EF0900B0890E /* Build configuration list for PBXNativeTarget "Arduino RemoteTests" */;
			buildPhases = (
				6F180DC16D2A0BF41498726B /* [CP] Check Pods Manifest.lock */,
				491AD2962BD6EF0900B0890E /* Sources */,
				491AD2972BD6EF0900B0890E /* Frameworks */,
				491AD2982BD6EF0900B0890E /* Resources */,
				C63D192D9328806F0C2A1112 /* [CP] Copy Pods Resources */,
			);
			buildRules = (
			);
			dependencies = (
				491AD29C2BD6EF0900B0890E /* PBXTargetDependency */,
			);
			name = "Arduino RemoteTests";
			productName = "Arduino RemoteTests";
			productReference = 491AD29A2BD6EF0900B0890E /* Arduino RemoteTests.xctest */;
			productType = "com.apple.product-type.bundle.unit-test";
		};
		491AD2A32BD6EF0900B0890E /* Arduino RemoteUITests */ = {
			isa = PBXNativeTarget;
			buildConfigurationList = 491AD2B42BD6EF0900B0890E /* Build configuration list for PBXNativeTarget "Arduino RemoteUITests" */;
			buildPhases = (
				B527B79D26090A6F1E2C887E /* [CP] Check Pods Manifest.lock */,
				491AD2A02BD6EF0900B0890E /* Sources */,
				491AD2A12BD6EF0900B0890E /* Frameworks */,
				491AD2A22BD6EF0900B0890E /* Resources */,
				0D25B9BCD5340C5AB5E57E55 /* [CP] Copy Pods Resources */,
			);
			buildRules = (
			);
			dependencies = (
				491AD2A62BD6EF0900B0890E /* PBXTargetDependency */,
			);
			name = "Arduino RemoteUITests";
			productName = "Arduino RemoteUITests";
			productReference = 491AD2A42BD6EF0900B0890E /* Arduino RemoteUITests.xctest */;
			productType = "com.apple.product-type.bundle.ui-testing";
		};
/* End PBXNativeTarget section */

/* Begin PBXProject section */
		491AD27C2BD6EF0800B0890E /* Project object */ = {
			isa = PBXProject;
			attributes = {
				BuildIndependentTargetsInParallel = 1;
				LastSwiftUpdateCheck = 1500;
				LastUpgradeCheck = 1500;
				TargetAttributes = {
					491AD2832BD6EF0800B0890E = {
						CreatedOnToolsVersion = 15.0.1;
					};
					491AD2992BD6EF0900B0890E = {
						CreatedOnToolsVersion = 15.0.1;
						TestTargetID = 491AD2832BD6EF0800B0890E;
					};
					491AD2A32BD6EF0900B0890E = {
						CreatedOnToolsVersion = 15.0.1;
						TestTargetID = 491AD2832BD6EF0800B0890E;
					};
				};
			};
			buildConfigurationList = 491AD27F2BD6EF0800B0890E /* Build configuration list for PBXProject "Arduino Remote" */;
			compatibilityVersion = "Xcode 14.0";
			developmentRegion = en;
			hasScannedForEncodings = 0;
			knownRegions = (
				en,
				Base,
			);
			mainGroup = 491AD27B2BD6EF0800B0890E;
			productRefGroup = 491AD2852BD6EF0800B0890E /* Products */;
			projectDirPath = "";
			projectRoot = "";
			targets = (
				491AD2832BD6EF0800B0890E /* Arduino Remote */,
				491AD2992BD6EF0900B0890E /* Arduino RemoteTests */,
				491AD2A32BD6EF0900B0890E /* Arduino RemoteUITests */,
			);
		};
/* End PBXProject section */

/* Begin PBXResourcesBuildPhase section */
		491AD2822BD6EF0800B0890E /* Resources */ = {
			isa = PBXResourcesBuildPhase;
			buildActionMask = 2147483647;
			files = (
				491AD2942BD6EF0900B0890E /* LaunchScreen.storyboard in Resources */,
				491AD2912BD6EF0900B0890E /* Assets.xcassets in Resources */,
			);
			runOnlyForDeploymentPostprocessing = 0;
		};
		491AD2982BD6EF0900B0890E /* Resources */ = {
			isa = PBXResourcesBuildPhase;
			buildActionMask = 2147483647;
			files = (
			);
			runOnlyForDeploymentPostprocessing = 0;
		};
		491AD2A22BD6EF0900B0890E /* Resources */ = {
			isa = PBXResourcesBuildPhase;
			buildActionMask = 2147483647;
			files = (
			);
			runOnlyForDeploymentPostprocessing = 0;
		};
/* End PBXResourcesBuildPhase section */

/* Begin PBXShellScriptBuildPhase section */
		0D25B9BCD5340C5AB5E57E55 /* [CP] Copy Pods Resources */ = {
			isa = PBXShellScriptBuildPhase;
			buildActionMask = 2147483647;
			files = (
			);
			inputFileListPaths = (
				"${PODS_ROOT}/Target Support Files/Pods-Arduino Remote-Arduino RemoteUITests/Pods-Arduino Remote-Arduino RemoteUITests-resources-${CONFIGURATION}-input-files.xcfilelist",
			);
			name = "[CP] Copy Pods Resources";
			outputFileListPaths = (
				"${PODS_ROOT}/Target Support Files/Pods-Arduino Remote-Arduino RemoteUITests/Pods-Arduino Remote-Arduino RemoteUITests-resources-${CONFIGURATION}-output-files.xcfilelist",
			);
			runOnlyForDeploymentPostprocessing = 0;
			shellPath = /bin/sh;
			shellScript = "\"${PODS_ROOT}/Target Support Files/Pods-Arduino Remote-Arduino RemoteUITests/Pods-Arduino Remote-Arduino RemoteUITests-resources.sh\"\n";
			showEnvVarsInLog = 0;
		};
		49B9E6F31F1CDA14404AD613 /* [CP] Copy Pods Resources */ = {
			isa = PBXShellScriptBuildPhase;
			buildActionMask = 2147483647;
			files = (
			);
			inputFileListPaths = (
				"${PODS_ROOT}/Target Support Files/Pods-Arduino Remote/Pods-Arduino Remote-resources-${CONFIGURATION}-input-files.xcfilelist",
			);
			name = "[CP] Copy Pods Resources";
			outputFileListPaths = (
				"${PODS_ROOT}/Target Support Files/Pods-Arduino Remote/Pods-Arduino Remote-resources-${CONFIGURATION}-output-files.xcfilelist",
			);
			runOnlyForDeploymentPostprocessing = 0;
			shellPath = /bin/sh;
			shellScript = "\"${PODS_ROOT}/Target Support Files/Pods-Arduino Remote/Pods-Arduino Remote-resources.sh\"\n";
			showEnvVarsInLog = 0;
		};
		4B756A3759C1D84D84A3A85D /* [CP] Check Pods Manifest.lock */ = {
			isa = PBXShellScriptBuildPhase;
			buildActionMask = 2147483647;
			files = (
			);
			inputFileListPaths = (
			);
			inputPaths = (
				"${PODS_PODFILE_DIR_PATH}/Podfile.lock",
				"${PODS_ROOT}/Manifest.lock",
			);
			name = "[CP] Check Pods Manifest.lock";
			outputFileListPaths = (
			);
			outputPaths = (
				"$(DERIVED_FILE_DIR)/Pods-Arduino Remote-checkManifestLockResult.txt",
			);
			runOnlyForDeploymentPostprocessing = 0;
			shellPath = /bin/sh;
			shellScript = "diff \"${PODS_PODFILE_DIR_PATH}/Podfile.lock\" \"${PODS_ROOT}/Manifest.lock\" > /dev/null\nif [ $? != 0 ] ; then\n    # print error to STDERR\n    echo \"error: The sandbox is not in sync with the Podfile.lock. Run 'pod install' or update your CocoaPods installation.\" >&2\n    exit 1\nfi\n# This output is used by Xcode 'outputs' to avoid re-running this script phase.\necho \"SUCCESS\" > \"${SCRIPT_OUTPUT_FILE_0}\"\n";
			showEnvVarsInLog = 0;
		};
		6F180DC16D2A0BF41498726B /* [CP] Check Pods Manifest.lock */ = {
			isa = PBXShellScriptBuildPhase;
			buildActionMask = 2147483647;
			files = (
			);
			inputFileListPaths = (
			);
			inputPaths = (
				"${PODS_PODFILE_DIR_PATH}/Podfile.lock",
				"${PODS_ROOT}/Manifest.lock",
			);
			name = "[CP] Check Pods Manifest.lock";
			outputFileListPaths = (
			);
			outputPaths = (
				"$(DERIVED_FILE_DIR)/Pods-Arduino RemoteTests-checkManifestLockResult.txt",
			);
			runOnlyForDeploymentPostprocessing = 0;
			shellPath = /bin/sh;
			shellScript = "diff \"${PODS_PODFILE_DIR_PATH}/Podfile.lock\" \"${PODS_ROOT}/Manifest.lock\" > /dev/null\nif [ $? != 0 ] ; then\n    # print error to STDERR\n    echo \"error: The sandbox is not in sync with the Podfile.lock. Run 'pod install' or update your CocoaPods installation.\" >&2\n    exit 1\nfi\n# This output is used by Xcode 'outputs' to avoid re-running this script phase.\necho \"SUCCESS\" > \"${SCRIPT_OUTPUT_FILE_0}\"\n";
			showEnvVarsInLog = 0;
		};
		B527B79D26090A6F1E2C887E /* [CP] Check Pods Manifest.lock */ = {
			isa = PBXShellScriptBuildPhase;
			buildActionMask = 2147483647;
			files = (
			);
			inputFileListPaths = (
			);
			inputPaths = (
				"${PODS_PODFILE_DIR_PATH}/Podfile.lock",
				"${PODS_ROOT}/Manifest.lock",
			);
			name = "[CP] Check Pods Manifest.lock";
			outputFileListPaths = (
			);
			outputPaths = (
				"$(DERIVED_FILE_DIR)/Pods-Arduino Remote-Arduino RemoteUITests-checkManifestLockResult.txt",
			);
			runOnlyForDeploymentPostprocessing = 0;
			shellPath = /bin/sh;
			shellScript = "diff \"${PODS_PODFILE_DIR_PATH}/Podfile.lock\" \"${PODS_ROOT}/Manifest.lock\" > /dev/null\nif [ $? != 0 ] ; then\n    # print error to STDERR\n    echo \"error: The sandbox is not in sync with the Podfile.lock. Run 'pod install' or update your CocoaPods installation.\" >&2\n    exit 1\nfi\n# This output is used by Xcode 'outputs' to avoid re-running this script phase.\necho \"SUCCESS\" > \"${SCRIPT_OUTPUT_FILE_0}\"\n";
			showEnvVarsInLog = 0;
		};
		C63D192D9328806F0C2A1112 /* [CP] Copy Pods Resources */ = {
			isa = PBXShellScriptBuildPhase;
			buildActionMask = 2147483647;
			files = (
			);
			inputFileListPaths = (
				"${PODS_ROOT}/Target Support Files/Pods-Arduino RemoteTests/Pods-Arduino RemoteTests-resources-${CONFIGURATION}-input-files.xcfilelist",
			);
			name = "[CP] Copy Pods Resources";
			outputFileListPaths = (
				"${PODS_ROOT}/Target Support Files/Pods-Arduino RemoteTests/Pods-Arduino RemoteTests-resources-${CONFIGURATION}-output-files.xcfilelist",
			);
			runOnlyForDeploymentPostprocessing = 0;
			shellPath = /bin/sh;
			shellScript = "\"${PODS_ROOT}/Target Support Files/Pods-Arduino RemoteTests/Pods-Arduino RemoteTests-resources.sh\"\n";
			showEnvVarsInLog = 0;
		};
/* End PBXShellScriptBuildPhase section */

/* Begin PBXSourcesBuildPhase section */
		491AD2802BD6EF0800B0890E /* Sources */ = {
			isa = PBXSourcesBuildPhase;
			buildActionMask = 2147483647;
			files = (
				491AD28C2BD6EF0800B0890E /* ViewController.swift in Sources */,
				491AD2882BD6EF0800B0890E /* AppDelegate.swift in Sources */,
				491AD28A2BD6EF0800B0890E /* SceneDelegate.swift in Sources */,
			);
			runOnlyForDeploymentPostprocessing = 0;
		};
		491AD2962BD6EF0900B0890E /* Sources */ = {
			isa = PBXSourcesBuildPhase;
			buildActionMask = 2147483647;
			files = (
				491AD29F2BD6EF0900B0890E /* Arduino_RemoteTests.swift in Sources */,
			);
			runOnlyForDeploymentPostprocessing = 0;
		};
		491AD2A02BD6EF0900B0890E /* Sources */ = {
			isa = PBXSourcesBuildPhase;
			buildActionMask = 2147483647;
			files = (
				491AD2A92BD6EF0900B0890E /* Arduino_RemoteUITests.swift in Sources */,
				491AD2AB2BD6EF0900B0890E /* Arduino_RemoteUITestsLaunchTests.swift in Sources */,
			);
			runOnlyForDeploymentPostprocessing = 0;
		};
/* End PBXSourcesBuildPhase section */

/* Begin PBXTargetDependency section */
		491AD29C2BD6EF0900B0890E /* PBXTargetDependency */ = {
			isa = PBXTargetDependency;
			target = 491AD2832BD6EF0800B0890E /* Arduino Remote */;
			targetProxy = 491AD29B2BD6EF0900B0890E /* PBXContainerItemProxy */;
		};
		491AD2A62BD6EF0900B0890E /* PBXTargetDependency */ = {
			isa = PBXTargetDependency;
			target = 491AD2832BD6EF0800B0890E /* Arduino Remote */;
			targetProxy = 491AD2A52BD6EF0900B0890E /* PBXContainerItemProxy */;
		};
/* End PBXTargetDependency section */

/* Begin PBXVariantGroup section */
		491AD2922BD6EF0900B0890E /* LaunchScreen.storyboard */ = {
			isa = PBXVariantGroup;
			children = (
				491AD2932BD6EF0900B0890E /* Base */,
			);
			name = LaunchScreen.storyboard;
			sourceTree = "<group>";
		};
/* End PBXVariantGroup section */

/* Begin XCBuildConfiguration section */
		491AD2AC2BD6EF0900B0890E /* Debug */ = {
			isa = XCBuildConfiguration;
			buildSettings = {
				ALWAYS_EMBED_SWIFT_STANDARD_LIBRARIES = NO;
				ALWAYS_SEARCH_USER_PATHS = NO;
				ASSETCATALOG_COMPILER_GENERATE_SWIFT_ASSET_SYMBOL_EXTENSIONS = YES;
				CLANG_ANALYZER_NONNULL = YES;
				CLANG_ANALYZER_NUMBER_OBJECT_CONVERSION = YES_AGGRESSIVE;
				CLANG_CXX_LANGUAGE_STANDARD = "gnu++20";
				CLANG_ENABLE_MODULES = YES;
				CLANG_ENABLE_OBJC_ARC = YES;
				CLANG_ENABLE_OBJC_WEAK = YES;
				CLANG_WARN_BLOCK_CAPTURE_AUTORELEASING = YES;
				CLANG_WARN_BOOL_CONVERSION = YES;
				CLANG_WARN_COMMA = YES;
				CLANG_WARN_CONSTANT_CONVERSION = YES;
				CLANG_WARN_DEPRECATED_OBJC_IMPLEMENTATIONS = YES;
				CLANG_WARN_DIRECT_OBJC_ISA_USAGE = YES_ERROR;
				CLANG_WARN_DOCUMENTATION_COMMENTS = YES;
				CLANG_WARN_EMPTY_BODY = YES;
				CLANG_WARN_ENUM_CONVERSION = YES;
				CLANG_WARN_INFINITE_RECURSION = YES;
				CLANG_WARN_INT_CONVERSION = YES;
				CLANG_WARN_NON_LITERAL_NULL_CONVERSION = YES;
				CLANG_WARN_OBJC_IMPLICIT_RETAIN_SELF = YES;
				CLANG_WARN_OBJC_LITERAL_CONVERSION = YES;
				CLANG_WARN_OBJC_ROOT_CLASS = YES_ERROR;
				CLANG_WARN_QUOTED_INCLUDE_IN_FRAMEWORK_HEADER = YES;
				CLANG_WARN_RANGE_LOOP_ANALYSIS = YES;
				CLANG_WARN_STRICT_PROTOTYPES = YES;
				CLANG_WARN_SUSPICIOUS_MOVE = YES;
				CLANG_WARN_UNGUARDED_AVAILABILITY = YES_AGGRESSIVE;
				CLANG_WARN_UNREACHABLE_CODE = YES;
				CLANG_WARN__DUPLICATE_METHOD_MATCH = YES;
				COPY_PHASE_STRIP = NO;
				DEBUG_INFORMATION_FORMAT = dwarf;
				ENABLE_STRICT_OBJC_MSGSEND = YES;
				ENABLE_TESTABILITY = YES;
				ENABLE_USER_SCRIPT_SANDBOXING = YES;
				GCC_C_LANGUAGE_STANDARD = gnu17;
				GCC_DYNAMIC_NO_PIC = NO;
				GCC_NO_COMMON_BLOCKS = YES;
				GCC_OPTIMIZATION_LEVEL = 0;
				GCC_PREPROCESSOR_DEFINITIONS = (
					"DEBUG=1",
					"$(inherited)",
				);
				GCC_WARN_64_TO_32_BIT_CONVERSION = YES;
				GCC_WARN_ABOUT_RETURN_TYPE = YES_ERROR;
				GCC_WARN_UNDECLARED_SELECTOR = YES;
				GCC_WARN_UNINITIALIZED_AUTOS = YES_AGGRESSIVE;
				GCC_WARN_UNUSED_FUNCTION = YES;
				GCC_WARN_UNUSED_VARIABLE = YES;
				INFOPLIST_KEY_LSApplicationCategoryType = "public.app-category.education";
				IPHONEOS_DEPLOYMENT_TARGET = 14.0;
				LOCALIZATION_PREFERS_STRING_CATALOGS = YES;
				MTL_ENABLE_DEBUG_INFO = INCLUDE_SOURCE;
				MTL_FAST_MATH = YES;
				ONLY_ACTIVE_ARCH = YES;
				SDKROOT = iphoneos;
				SWIFT_ACTIVE_COMPILATION_CONDITIONS = "DEBUG $(inherited)";
				SWIFT_OPTIMIZATION_LEVEL = "-Onone";
			};
			name = Debug;
		};
		491AD2AD2BD6EF0900B0890E /* Release */ = {
			isa = XCBuildConfiguration;
			buildSettings = {
				ALWAYS_EMBED_SWIFT_STANDARD_LIBRARIES = NO;
				ALWAYS_SEARCH_USER_PATHS = NO;
				ASSETCATALOG_COMPILER_GENERATE_SWIFT_ASSET_SYMBOL_EXTENSIONS = YES;
				CLANG_ANALYZER_NONNULL = YES;
				CLANG_ANALYZER_NUMBER_OBJECT_CONVERSION = YES_AGGRESSIVE;
				CLANG_CXX_LANGUAGE_STANDARD = "gnu++20";
				CLANG_ENABLE_MODULES = YES;
				CLANG_ENABLE_OBJC_ARC = YES;
				CLANG_ENABLE_OBJC_WEAK = YES;
				CLANG_WARN_BLOCK_CAPTURE_AUTORELEASING = YES;
				CLANG_WARN_BOOL_CONVERSION = YES;
				CLANG_WARN_COMMA = YES;
				CLANG_WARN_CONSTANT_CONVERSION = YES;
				CLANG_WARN_DEPRECATED_OBJC_IMPLEMENTATIONS = YES;
				CLANG_WARN_DIRECT_OBJC_ISA_USAGE = YES_ERROR;
				CLANG_WARN_DOCUMENTATION_COMMENTS = YES;
				CLANG_WARN_EMPTY_BODY = YES;
				CLANG_WARN_ENUM_CONVERSION = YES;
				CLANG_WARN_INFINITE_RECURSION = YES;
				CLANG_WARN_INT_CONVERSION = YES;
				CLANG_WARN_NON_LITERAL_NULL_CONVERSION = YES;
				CLANG_WARN_OBJC_IMPLICIT_RETAIN_SELF = YES;
				CLANG_WARN_OBJC_LITERAL_CONVERSION = YES;
				CLANG_WARN_OBJC_ROOT_CLASS = YES_ERROR;
				CLANG_WARN_QUOTED_INCLUDE_IN_FRAMEWORK_HEADER = YES;
				CLANG_WARN_RANGE_LOOP_ANALYSIS = YES;
				CLANG_WARN_STRICT_PROTOTYPES = YES;
				CLANG_WARN_SUSPICIOUS_MOVE = YES;
				CLANG_WARN_UNGUARDED_AVAILABILITY = YES_AGGRESSIVE;
				CLANG_WARN_UNREACHABLE_CODE = YES;
				CLANG_WARN__DUPLICATE_METHOD_MATCH = YES;
				COPY_PHASE_STRIP = NO;
				DEBUG_INFORMATION_FORMAT = "dwarf-with-dsym";
				ENABLE_NS_ASSERTIONS = NO;
				ENABLE_STRICT_OBJC_MSGSEND = YES;
				ENABLE_USER_SCRIPT_SANDBOXING = YES;
				GCC_C_LANGUAGE_STANDARD = gnu17;
				GCC_NO_COMMON_BLOCKS = YES;
				GCC_WARN_64_TO_32_BIT_CONVERSION = YES;
				GCC_WARN_ABOUT_RETURN_TYPE = YES_ERROR;
				GCC_WARN_UNDECLARED_SELECTOR = YES;
				GCC_WARN_UNINITIALIZED_AUTOS = YES_AGGRESSIVE;
				GCC_WARN_UNUSED_FUNCTION = YES;
				GCC_WARN_UNUSED_VARIABLE = YES;
				INFOPLIST_KEY_LSApplicationCategoryType = "public.app-category.education";
				IPHONEOS_DEPLOYMENT_TARGET = 14.0;
				LOCALIZATION_PREFERS_STRING_CATALOGS = YES;
				MTL_ENABLE_DEBUG_INFO = NO;
				MTL_FAST_MATH = YES;
				SDKROOT = iphoneos;
				SWIFT_COMPILATION_MODE = wholemodule;
				VALIDATE_PRODUCT = YES;
			};
			name = Release;
		};
		491AD2AF2BD6EF0900B0890E /* Debug */ = {
			isa = XCBuildConfiguration;
			baseConfigurationReference = 63ACE826165F6744BE8E533F /* Pods-Arduino Remote.debug.xcconfig */;
			buildSettings = {
				ASSETCATALOG_COMPILER_APPICON_NAME = AppIcon;
				ASSETCATALOG_COMPILER_GLOBAL_ACCENT_COLOR_NAME = AccentColor;
				ASSETCATALOG_COMPILER_INCLUDE_ALL_APPICON_ASSETS = YES;
				CODE_SIGN_STYLE = Automatic;
				CURRENT_PROJECT_VERSION = 1;
				DEVELOPMENT_TEAM = WG482W7ASB;
				ENABLE_USER_SCRIPT_SANDBOXING = NO;
				GENERATE_INFOPLIST_FILE = YES;
				INFOPLIST_FILE = "Arduino Remote/Info.plist";
				INFOPLIST_KEY_CFBundleDisplayName = ArduRemote;
				INFOPLIST_KEY_LSApplicationCategoryType = "public.app-category.entertainment";
				INFOPLIST_KEY_UIApplicationSupportsIndirectInputEvents = YES;
				INFOPLIST_KEY_UILaunchStoryboardName = LaunchScreen.storyboard;
				INFOPLIST_KEY_UISupportedInterfaceOrientations = UIInterfaceOrientationPortrait;
				INFOPLIST_KEY_UISupportedInterfaceOrientations_iPad = "UIInterfaceOrientationLandscapeLeft UIInterfaceOrientationLandscapeRight UIInterfaceOrientationPortrait UIInterfaceOrientationPortraitUpsideDown";
				IPHONEOS_DEPLOYMENT_TARGET = 14.0;
				LD_RUNPATH_SEARCH_PATHS = (
					"$(inherited)",
					"@executable_path/Frameworks",
				);
				MARKETING_VERSION = 1.0;
				PRODUCT_BUNDLE_IDENTIFIER = "com.kurking.Arduino-Remote";
				PRODUCT_NAME = "$(TARGET_NAME)";
				SUPPORTED_PLATFORMS = "iphoneos iphonesimulator";
				SUPPORTS_MACCATALYST = NO;
				SUPPORTS_MAC_DESIGNED_FOR_IPHONE_IPAD = NO;
				SWIFT_EMIT_LOC_STRINGS = YES;
				SWIFT_VERSION = 5.0;
				TARGETED_DEVICE_FAMILY = "1,2";
			};
			name = Debug;
		};
		491AD2B02BD6EF0900B0890E /* Release */ = {
			isa = XCBuildConfiguration;
			baseConfigurationReference = ADFB5189CAB10636DAB0BC50 /* Pods-Arduino Remote.release.xcconfig */;
			buildSettings = {
				ASSETCATALOG_COMPILER_APPICON_NAME = AppIcon;
				ASSETCATALOG_COMPILER_GLOBAL_ACCENT_COLOR_NAME = AccentColor;
				ASSETCATALOG_COMPILER_INCLUDE_ALL_APPICON_ASSETS = YES;
				CODE_SIGN_STYLE = Automatic;
				CURRENT_PROJECT_VERSION = 1;
				DEVELOPMENT_TEAM = WG482W7ASB;
				ENABLE_USER_SCRIPT_SANDBOXING = NO;
				GENERATE_INFOPLIST_FILE = YES;
				INFOPLIST_FILE = "Arduino Remote/Info.plist";
				INFOPLIST_KEY_CFBundleDisplayName = ArduRemote;
				INFOPLIST_KEY_LSApplicationCategoryType = "public.app-category.entertainment";
				INFOPLIST_KEY_UIApplicationSupportsIndirectInputEvents = YES;
				INFOPLIST_KEY_UILaunchStoryboardName = LaunchScreen.storyboard;
				INFOPLIST_KEY_UISupportedInterfaceOrientations = UIInterfaceOrientationPortrait;
				INFOPLIST_KEY_UISupportedInterfaceOrientations_iPad = "UIInterfaceOrientationLandscapeLeft UIInterfaceOrientationLandscapeRight UIInterfaceOrientationPortrait UIInterfaceOrientationPortraitUpsideDown";
				IPHONEOS_DEPLOYMENT_TARGET = 14.0;
				LD_RUNPATH_SEARCH_PATHS = (
					"$(inherited)",
					"@executable_path/Frameworks",
				);
				MARKETING_VERSION = 1.0;
				PRODUCT_BUNDLE_IDENTIFIER = "com.kurking.Arduino-Remote";
				PRODUCT_NAME = "$(TARGET_NAME)";
				SUPPORTED_PLATFORMS = "iphoneos iphonesimulator";
				SUPPORTS_MACCATALYST = NO;
				SUPPORTS_MAC_DESIGNED_FOR_IPHONE_IPAD = NO;
				SWIFT_EMIT_LOC_STRINGS = YES;
				SWIFT_VERSION = 5.0;
				TARGETED_DEVICE_FAMILY = "1,2";
			};
			name = Release;
		};
		491AD2B22BD6EF0900B0890E /* Debug */ = {
			isa = XCBuildConfiguration;
			baseConfigurationReference = 80BB1ECF7A34318BD44A8E9C /* Pods-Arduino RemoteTests.debug.xcconfig */;
			buildSettings = {
				ALWAYS_EMBED_SWIFT_STANDARD_LIBRARIES = NO;
				BUNDLE_LOADER = "$(TEST_HOST)";
				CODE_SIGN_STYLE = Automatic;
				CURRENT_PROJECT_VERSION = 1;
				DEVELOPMENT_TEAM = WG482W7ASB;
				ENABLE_USER_SCRIPT_SANDBOXING = NO;
				GENERATE_INFOPLIST_FILE = YES;
				IPHONEOS_DEPLOYMENT_TARGET = 17.0;
				MARKETING_VERSION = 1.0;
				PRODUCT_BUNDLE_IDENTIFIER = "com.kurking.Arduino-RemoteTests";
				PRODUCT_NAME = "$(TARGET_NAME)";
				SWIFT_EMIT_LOC_STRINGS = NO;
				SWIFT_VERSION = 5.0;
				TARGETED_DEVICE_FAMILY = "1,2";
				TEST_HOST = "$(BUILT_PRODUCTS_DIR)/Arduino Remote.app/$(BUNDLE_EXECUTABLE_FOLDER_PATH)/Arduino Remote";
			};
			name = Debug;
		};
		491AD2B32BD6EF0900B0890E /* Release */ = {
			isa = XCBuildConfiguration;
			baseConfigurationReference = 0EFDE57497376E3467390B17 /* Pods-Arduino RemoteTests.release.xcconfig */;
			buildSettings = {
				ALWAYS_EMBED_SWIFT_STANDARD_LIBRARIES = NO;
				BUNDLE_LOADER = "$(TEST_HOST)";
				CODE_SIGN_STYLE = Automatic;
				CURRENT_PROJECT_VERSION = 1;
				DEVELOPMENT_TEAM = WG482W7ASB;
				ENABLE_USER_SCRIPT_SANDBOXING = NO;
				GENERATE_INFOPLIST_FILE = YES;
				IPHONEOS_DEPLOYMENT_TARGET = 17.0;
				MARKETING_VERSION = 1.0;
				PRODUCT_BUNDLE_IDENTIFIER = "com.kurking.Arduino-RemoteTests";
				PRODUCT_NAME = "$(TARGET_NAME)";
				SWIFT_EMIT_LOC_STRINGS = NO;
				SWIFT_VERSION = 5.0;
				TARGETED_DEVICE_FAMILY = "1,2";
				TEST_HOST = "$(BUILT_PRODUCTS_DIR)/Arduino Remote.app/$(BUNDLE_EXECUTABLE_FOLDER_PATH)/Arduino Remote";
			};
			name = Release;
		};
		491AD2B52BD6EF0900B0890E /* Debug */ = {
			isa = XCBuildConfiguration;
			baseConfigurationReference = 7BF6539A5203BB4B63ED03F5 /* Pods-Arduino Remote-Arduino RemoteUITests.debug.xcconfig */;
			buildSettings = {
				ALWAYS_EMBED_SWIFT_STANDARD_LIBRARIES = NO;
				CODE_SIGN_STYLE = Automatic;
				CURRENT_PROJECT_VERSION = 1;
				DEVELOPMENT_TEAM = WG482W7ASB;
				ENABLE_USER_SCRIPT_SANDBOXING = NO;
				GENERATE_INFOPLIST_FILE = YES;
				MARKETING_VERSION = 1.0;
				PRODUCT_BUNDLE_IDENTIFIER = "com.kurking.Arduino-RemoteUITests";
				PRODUCT_NAME = "$(TARGET_NAME)";
				SWIFT_EMIT_LOC_STRINGS = NO;
				SWIFT_VERSION = 5.0;
				TARGETED_DEVICE_FAMILY = "1,2";
				TEST_TARGET_NAME = "Arduino Remote";
			};
			name = Debug;
		};
		491AD2B62BD6EF0900B0890E /* Release */ = {
			isa = XCBuildConfiguration;
			baseConfigurationReference = 9A7488CD9C141B79C99E8749 /* Pods-Arduino Remote-Arduino RemoteUITests.release.xcconfig */;
			buildSettings = {
				ALWAYS_EMBED_SWIFT_STANDARD_LIBRARIES = NO;
				CODE_SIGN_STYLE = Automatic;
				CURRENT_PROJECT_VERSION = 1;
				DEVELOPMENT_TEAM = WG482W7ASB;
				ENABLE_USER_SCRIPT_SANDBOXING = NO;
				GENERATE_INFOPLIST_FILE = YES;
				MARKETING_VERSION = 1.0;
				PRODUCT_BUNDLE_IDENTIFIER = "com.kurking.Arduino-RemoteUITests";
				PRODUCT_NAME = "$(TARGET_NAME)";
				SWIFT_EMIT_LOC_STRINGS = NO;
				SWIFT_VERSION = 5.0;
				TARGETED_DEVICE_FAMILY = "1,2";
				TEST_TARGET_NAME = "Arduino Remote";
			};
			name = Release;
		};
/* End XCBuildConfiguration section */

/* Begin XCConfigurationList section */
		491AD27F2BD6EF0800B0890E /* Build configuration list for PBXProject "Arduino Remote" */ = {
			isa = XCConfigurationList;
			buildConfigurations = (
				491AD2AC2BD6EF0900B0890E /* Debug */,
				491AD2AD2BD6EF0900B0890E /* Release */,
			);
			defaultConfigurationIsVisible = 0;
			defaultConfigurationName = Release;
		};
		491AD2AE2BD6EF0900B0890E /* Build configuration list for PBXNativeTarget "Arduino Remote" */ = {
			isa = XCConfigurationList;
			buildConfigurations = (
				491AD2AF2BD6EF0900B0890E /* Debug */,
				491AD2B02BD6EF0900B0890E /* Release */,
			);
			defaultConfigurationIsVisible = 0;
			defaultConfigurationName = Release;
		};
		491AD2B12BD6EF0900B0890E /* Build configuration list for PBXNativeTarget "Arduino RemoteTests" */ = {
			isa = XCConfigurationList;
			buildConfigurations = (
				491AD2B22BD6EF0900B0890E /* Debug */,
				491AD2B32BD6EF0900B0890E /* Release */,
			);
			defaultConfigurationIsVisible = 0;
			defaultConfigurationName = Release;
		};
		491AD2B42BD6EF0900B0890E /* Build configuration list for PBXNativeTarget "Arduino RemoteUITests" */ = {
			isa = XCConfigurationList;
			buildConfigurations = (
				491AD2B52BD6EF0900B0890E /* Debug */,
				491AD2B62BD6EF0900B0890E /* Release */,
			);
			defaultConfigurationIsVisible = 0;
			defaultConfigurationName = Release;
		};
/* End XCConfigurationList section */
	};
	rootObject = 491AD27C2BD6EF0800B0890E /* Project object */;
}
